
Microsoft Visual Studio Solution File, Format Version 12.00
# Visual Studio 14
VisualStudioVersion = 14.0.25420.1
MinimumVisualStudioVersion = 10.0.40219.1
Project("{FAE04EC0-301F-11D3-BF4B-00C04F79EFBC}") = "TraceTransformer", "TraceTransformer\TraceTransformer.csproj", "{9ABF7C6D-2904-4D07-853A-A3668DD9CB29}"
EndProject
Project("{2150E333-8FDC-42A3-9474-1A3956D46DE8}") = "boogie", "boogie", "{3FF1913D-DD94-459E-A369-10B0B787D9AB}"
EndProject
Project("{FAE04EC0-301F-11D3-BF4B-00C04F79EFBC}") = "Core", "boogie\Source\Core\Core.csproj", "{B230A69C-C466-4065-B9C1-84D80E76D802}"
EndProject
Global
	GlobalSection(SolutionConfigurationPlatforms) = preSolution
		Checked|Any CPU = Checked|Any CPU
		Checked|x86 = Checked|x86
		Debug|Any CPU = Debug|Any CPU
		Debug|x86 = Debug|x86
		HWSW|Any CPU = HWSW|Any CPU
		HWSW|x86 = HWSW|x86
		Internal|Any CPU = Internal|Any CPU
		Internal|x86 = Internal|x86
		QED|Any CPU = QED|Any CPU
		QED|x86 = QED|x86
		Release|Any CPU = Release|Any CPU
		Release|x86 = Release|x86
		z3apidebug|Any CPU = z3apidebug|Any CPU
		z3apidebug|x86 = z3apidebug|x86
	EndGlobalSection
	GlobalSection(ProjectConfigurationPlatforms) = postSolution
		{9ABF7C6D-2904-4D07-853A-A3668DD9CB29}.Checked|Any CPU.ActiveCfg = Release|Any CPU
		{9ABF7C6D-2904-4D07-853A-A3668DD9CB29}.Checked|Any CPU.Build.0 = Release|Any CPU
		{9ABF7C6D-2904-4D07-853A-A3668DD9CB29}.Checked|x86.ActiveCfg = Release|Any CPU
		{9ABF7C6D-2904-4D07-853A-A3668DD9CB29}.Checked|x86.Build.0 = Release|Any CPU
		{9ABF7C6D-2904-4D07-853A-A3668DD9CB29}.Debug|Any CPU.ActiveCfg = Debug|Any CPU
		{9ABF7C6D-2904-4D07-853A-A3668DD9CB29}.Debug|Any CPU.Build.0 = Debug|Any CPU
		{9ABF7C6D-2904-4D07-853A-A3668DD9CB29}.Debug|x86.ActiveCfg = Debug|Any CPU
		{9ABF7C6D-2904-4D07-853A-A3668DD9CB29}.Debug|x86.Build.0 = Debug|Any CPU
		{9ABF7C6D-2904-4D07-853A-A3668DD9CB29}.HWSW|Any CPU.ActiveCfg = Release|Any CPU
		{9ABF7C6D-2904-4D07-853A-A3668DD9CB29}.HWSW|Any CPU.Build.0 = Release|Any CPU
		{9ABF7C6D-2904-4D07-853A-A3668DD9CB29}.HWSW|x86.ActiveCfg = Release|Any CPU
		{9ABF7C6D-2904-4D07-853A-A3668DD9CB29}.HWSW|x86.Build.0 = Release|Any CPU
		{9ABF7C6D-2904-4D07-853A-A3668DD9CB29}.Internal|Any CPU.ActiveCfg = Release|Any CPU
		{9ABF7C6D-2904-4D07-853A-A3668DD9CB29}.Internal|Any CPU.Build.0 = Release|Any CPU
		{9ABF7C6D-2904-4D07-853A-A3668DD9CB29}.Internal|x86.ActiveCfg = Release|Any CPU
		{9ABF7C6D-2904-4D07-853A-A3668DD9CB29}.Internal|x86.Build.0 = Release|Any CPU
		{9ABF7C6D-2904-4D07-853A-A3668DD9CB29}.QED|Any CPU.ActiveCfg = Release|Any CPU
		{9ABF7C6D-2904-4D07-853A-A3668DD9CB29}.QED|Any CPU.Build.0 = Release|Any CPU
		{9ABF7C6D-2904-4D07-853A-A3668DD9CB29}.QED|x86.ActiveCfg = Release|Any CPU
		{9ABF7C6D-2904-4D07-853A-A3668DD9CB29}.QED|x86.Build.0 = Release|Any CPU
		{9ABF7C6D-2904-4D07-853A-A3668DD9CB29}.Release|Any CPU.ActiveCfg = Release|Any CPU
		{9ABF7C6D-2904-4D07-853A-A3668DD9CB29}.Release|Any CPU.Build.0 = Release|Any CPU
		{9ABF7C6D-2904-4D07-853A-A3668DD9CB29}.Release|x86.ActiveCfg = Release|Any CPU
		{9ABF7C6D-2904-4D07-853A-A3668DD9CB29}.Release|x86.Build.0 = Release|Any CPU
		{9ABF7C6D-2904-4D07-853A-A3668DD9CB29}.z3apidebug|Any CPU.ActiveCfg = Release|Any CPU
		{9ABF7C6D-2904-4D07-853A-A3668DD9CB29}.z3apidebug|Any CPU.Build.0 = Release|Any CPU
		{9ABF7C6D-2904-4D07-853A-A3668DD9CB29}.z3apidebug|x86.ActiveCfg = Release|Any CPU
		{9ABF7C6D-2904-4D07-853A-A3668DD9CB29}.z3apidebug|x86.Build.0 = Release|Any CPU
		{B230A69C-C466-4065-B9C1-84D80E76D802}.Checked|Any CPU.ActiveCfg = Checked|Any CPU
		{B230A69C-C466-4065-B9C1-84D80E76D802}.Checked|Any CPU.Build.0 = Checked|Any CPU
		{B230A69C-C466-4065-B9C1-84D80E76D802}.Checked|x86.ActiveCfg = Checked|Any CPU
		{B230A69C-C466-4065-B9C1-84D80E76D802}.Checked|x86.Build.0 = Checked|Any CPU
		{B230A69C-C466-4065-B9C1-84D80E76D802}.Debug|Any CPU.ActiveCfg = Debug|Any CPU
		{B230A69C-C466-4065-B9C1-84D80E76D802}.Debug|Any CPU.Build.0 = Debug|Any CPU
		{B230A69C-C466-4065-B9C1-84D80E76D802}.Debug|x86.ActiveCfg = Debug|Any CPU
		{B230A69C-C466-4065-B9C1-84D80E76D802}.Debug|x86.Build.0 = Debug|Any CPU
		{B230A69C-C466-4065-B9C1-84D80E76D802}.HWSW|Any CPU.ActiveCfg = QED|Any CPU
		{B230A69C-C466-4065-B9C1-84D80E76D802}.HWSW|Any CPU.Build.0 = QED|Any CPU
		{B230A69C-C466-4065-B9C1-84D80E76D802}.HWSW|x86.ActiveCfg = QED|Any CPU
		{B230A69C-C466-4065-B9C1-84D80E76D802}.HWSW|x86.Build.0 = QED|Any CPU
		{B230A69C-C466-4065-B9C1-84D80E76D802}.Internal|Any CPU.ActiveCfg = QED|Any CPU
		{B230A69C-C466-4065-B9C1-84D80E76D802}.Internal|Any CPU.Build.0 = QED|Any CPU
		{B230A69C-C466-4065-B9C1-84D80E76D802}.Internal|x86.ActiveCfg = QED|Any CPU
		{B230A69C-C466-4065-B9C1-84D80E76D802}.Internal|x86.Build.0 = QED|Any CPU
		{B230A69C-C466-4065-B9C1-84D80E76D802}.QED|Any CPU.ActiveCfg = QED|Any CPU
		{B230A69C-C466-4065-B9C1-84D80E76D802}.QED|Any CPU.Build.0 = QED|Any CPU
		{B230A69C-C466-4065-B9C1-84D80E76D802}.QED|x86.ActiveCfg = QED|Any CPU
		{B230A69C-C466-4065-B9C1-84D80E76D802}.QED|x86.Build.0 = QED|Any CPU
		{B230A69C-C466-4065-B9C1-84D80E76D802}.Release|Any CPU.ActiveCfg = Release|Any CPU
		{B230A69C-C466-4065-B9C1-84D80E76D802}.Release|Any CPU.Build.0 = Release|Any CPU
		{B230A69C-C466-4065-B9C1-84D80E76D802}.Release|x86.ActiveCfg = Release|Any CPU
		{B230A69C-C466-4065-B9C1-84D80E76D802}.Release|x86.Build.0 = Release|Any CPU
		{B230A69C-C466-4065-B9C1-84D80E76D802}.z3apidebug|Any CPU.ActiveCfg = z3apidebug|Any CPU
		{B230A69C-C466-4065-B9C1-84D80E76D802}.z3apidebug|Any CPU.Build.0 = z3apidebug|Any CPU
		{B230A69C-C466-4065-B9C1-84D80E76D802}.z3apidebug|x86.ActiveCfg = z3apidebug|Any CPU
		{B230A69C-C466-4065-B9C1-84D80E76D802}.z3apidebug|x86.Build.0 = z3apidebug|Any CPU
	EndGlobalSection
	GlobalSection(SolutionProperties) = preSolution
		HideSolutionNode = FALSE
	EndGlobalSection
	GlobalSection(NestedProjects) = preSolution
		{B230A69C-C466-4065-B9C1-84D80E76D802} = {3FF1913D-DD94-459E-A369-10B0B787D9AB}
	EndGlobalSection
EndGlobal
